
Microsoft Visual Studio Solution File, Format Version 12.00
# Visual Studio Version 17
VisualStudioVersion = 17.14.36414.22 d17.14
MinimumVisualStudioVersion = 10.0.40219.1
Project("{FAE04EC0-301F-11D3-BF4B-00C04F79EFBC}") = "Project3", "Project3\Project3.csproj", "{A533DE03-C7A3-4705-BEAF-5DD16C063FDF}"
EndProject
Global
	GlobalSection(SolutionConfigurationPlatforms) = preSolution
		Debug|Any CPU = Debug|Any CPU
		Release|Any CPU = Release|Any CPU
	EndGlobalSection
	GlobalSection(ProjectConfigurationPlatforms) = postSolution
		{A533DE03-C7A3-4705-BEAF-5DD16C063FDF}.Debug|Any CPU.ActiveCfg = Debug|Any CPU
		{A533DE03-C7A3-4705-BEAF-5DD16C063FDF}.Debug|Any CPU.Build.0 = Debug|Any CPU
		{A533DE03-C7A3-4705-BEAF-5DD16C063FDF}.Release|Any CPU.ActiveCfg = Release|Any CPU
		{A533DE03-C7A3-4705-BEAF-5DD16C063FDF}.Release|Any CPU.Build.0 = Release|Any CPU
	EndGlobalSection
	GlobalSection(SolutionProperties) = preSolution
		HideSolutionNode = FALSE
	EndGlobalSection
	GlobalSection(ExtensibilityGlobals) = postSolution
		SolutionGuid = {0C68D38D-2ED7-4BDA-A1BE-0781092AD554}
	EndGlobalSection
EndGlobal
